
Microsoft Visual Studio Solution File, Format Version 12.00
# Visual Studio Version 16
VisualStudioVersion = 16.0.31410.357
MinimumVisualStudioVersion = 10.0.40219.1
Project("{888888A0-9F3D-457C-B088-3A5042F75D52}") = "Klogg", "Klogg\Klogg.pyproj", "{C1A04581-0C90-4748-9312-AAAA1E408188}"
EndProject
Global
	GlobalSection(SolutionConfigurationPlatforms) = preSolution
		Debug|Any CPU = Debug|Any CPU
		Release|Any CPU = Release|Any CPU
	EndGlobalSection
	GlobalSection(ProjectConfigurationPlatforms) = postSolution
		{C1A04581-0C90-4748-9312-AAAA1E408188}.Debug|Any CPU.ActiveCfg = Debug|Any CPU
		{C1A04581-0C90-4748-9312-AAAA1E408188}.Release|Any CPU.ActiveCfg = Release|Any CPU
	EndGlobalSection
	GlobalSection(SolutionProperties) = preSolution
		HideSolutionNode = FALSE
	EndGlobalSection
	GlobalSection(ExtensibilityGlobals) = postSolution
		SolutionGuid = {86AE7AD3-78C2-4F62-B814-A2627E96DCBD}
	EndGlobalSection
EndGlobal
